
Microsoft Visual Studio Solution File, Format Version 12.00
# Visual Studio Version 17
VisualStudioVersion = 17.8.34525.116
MinimumVisualStudioVersion = 10.0.40219.1
Project("{FAE04EC0-301F-11D3-BF4B-00C04F79EFBC}") = "BookStoreAppWinFrom", "BookStoreAppWinFrom\BookStoreAppWinFrom.csproj", "{E3181DE2-60D9-4783-9847-FE000A1DC403}"
EndProject
Project("{FAE04EC0-301F-11D3-BF4B-00C04F79EFBC}") = "ServicesLayerDll", "ServicesLayerDll\ServicesLayerDll.csproj", "{9D223A5D-2638-4F5E-99A9-87BE21C74744}"
EndProject
Project("{FAE04EC0-301F-11D3-BF4B-00C04F79EFBC}") = "DALDll", "DALDll\DALDll.csproj", "{F5C4A3E1-84C3-45E2-970C-DCB290D15E41}"
EndProject
Project("{FAE04EC0-301F-11D3-BF4B-00C04F79EFBC}") = "EntitiesLayerDll", "EntitiesLayerDll\EntitiesLayerDll.csproj", "{0DDC693D-78A2-4876-ABF7-451F07F037DA}"
EndProject
Project("{FAE04EC0-301F-11D3-BF4B-00C04F79EFBC}") = "LoggerDll", "LoggerDll\LoggerDll.csproj", "{10DF6110-74AF-4A34-A84F-8B7F7FC90C56}"
EndProject
Global
	GlobalSection(SolutionConfigurationPlatforms) = preSolution
		Debug|Any CPU = Debug|Any CPU
		Release|Any CPU = Release|Any CPU
	EndGlobalSection
	GlobalSection(ProjectConfigurationPlatforms) = postSolution
		{E3181DE2-60D9-4783-9847-FE000A1DC403}.Debug|Any CPU.ActiveCfg = Debug|Any CPU
		{E3181DE2-60D9-4783-9847-FE000A1DC403}.Debug|Any CPU.Build.0 = Debug|Any CPU
		{E3181DE2-60D9-4783-9847-FE000A1DC403}.Release|Any CPU.ActiveCfg = Release|Any CPU
		{E3181DE2-60D9-4783-9847-FE000A1DC403}.Release|Any CPU.Build.0 = Release|Any CPU
		{9D223A5D-2638-4F5E-99A9-87BE21C74744}.Debug|Any CPU.ActiveCfg = Debug|Any CPU
		{9D223A5D-2638-4F5E-99A9-87BE21C74744}.Debug|Any CPU.Build.0 = Debug|Any CPU
		{9D223A5D-2638-4F5E-99A9-87BE21C74744}.Release|Any CPU.ActiveCfg = Release|Any CPU
		{9D223A5D-2638-4F5E-99A9-87BE21C74744}.Release|Any CPU.Build.0 = Release|Any CPU
		{F5C4A3E1-84C3-45E2-970C-DCB290D15E41}.Debug|Any CPU.ActiveCfg = Debug|Any CPU
		{F5C4A3E1-84C3-45E2-970C-DCB290D15E41}.Debug|Any CPU.Build.0 = Debug|Any CPU
		{F5C4A3E1-84C3-45E2-970C-DCB290D15E41}.Release|Any CPU.ActiveCfg = Release|Any CPU
		{F5C4A3E1-84C3-45E2-970C-DCB290D15E41}.Release|Any CPU.Build.0 = Release|Any CPU
		{0DDC693D-78A2-4876-ABF7-451F07F037DA}.Debug|Any CPU.ActiveCfg = Debug|Any CPU
		{0DDC693D-78A2-4876-ABF7-451F07F037DA}.Debug|Any CPU.Build.0 = Debug|Any CPU
		{0DDC693D-78A2-4876-ABF7-451F07F037DA}.Release|Any CPU.ActiveCfg = Release|Any CPU
		{0DDC693D-78A2-4876-ABF7-451F07F037DA}.Release|Any CPU.Build.0 = Release|Any CPU
		{10DF6110-74AF-4A34-A84F-8B7F7FC90C56}.Debug|Any CPU.ActiveCfg = Debug|Any CPU
		{10DF6110-74AF-4A34-A84F-8B7F7FC90C56}.Debug|Any CPU.Build.0 = Debug|Any CPU
		{10DF6110-74AF-4A34-A84F-8B7F7FC90C56}.Release|Any CPU.ActiveCfg = Release|Any CPU
		{10DF6110-74AF-4A34-A84F-8B7F7FC90C56}.Release|Any CPU.Build.0 = Release|Any CPU
	EndGlobalSection
	GlobalSection(SolutionProperties) = preSolution
		HideSolutionNode = FALSE
	EndGlobalSection
	GlobalSection(ExtensibilityGlobals) = postSolution
		SolutionGuid = {E728A64D-8FE4-4455-A9B4-CF0597E38E32}
	EndGlobalSection
EndGlobal
